
Microsoft Visual Studio Solution File, Format Version 12.00
# Visual Studio Version 17
VisualStudioVersion = 17.14.36401.2
MinimumVisualStudioVersion = 10.0.40219.1
Project("{FAE04EC0-301F-11D3-BF4B-00C04F79EFBC}") = "PortfolioTask1", "PortfolioTask1.csproj", "{EECCFFBB-A89E-475C-AB3D-B87B76484B8E}"
EndProject
Project("{FAE04EC0-301F-11D3-BF4B-00C04F79EFBC}") = "myLibrary1", "..\myLibrary1\myLibrary1.csproj", "{DEA31525-02AB-4A95-B44F-A25324368972}"
EndProject
Project("{B7DD6F7E-DEF8-4E67-B5B7-07EF123DB6F0}") = "Installer", "..\Installer\Installer.wixproj", "{FC1BF70F-F6D1-47C5-AEB0-AA4F73C1A714}"
EndProject
Project("{C7167F0D-BC9F-4E6E-AFE1-012C56B48DB5}") = "WapProjTemplate", "..\WapProjTemplate\WapProjTemplate.wapproj", "{1EAA635D-7A82-4439-85C7-8509B24F3D64}"
EndProject
Global
	GlobalSection(SolutionConfigurationPlatforms) = preSolution
		Debug|Any CPU = Debug|Any CPU
		Debug|ARM = Debug|ARM
		Debug|ARM64 = Debug|ARM64
		Debug|x64 = Debug|x64
		Debug|x86 = Debug|x86
		Release|Any CPU = Release|Any CPU
		Release|ARM = Release|ARM
		Release|ARM64 = Release|ARM64
		Release|x64 = Release|x64
		Release|x86 = Release|x86
	EndGlobalSection
	GlobalSection(ProjectConfigurationPlatforms) = postSolution
		{EECCFFBB-A89E-475C-AB3D-B87B76484B8E}.Debug|Any CPU.ActiveCfg = Debug|Any CPU
		{EECCFFBB-A89E-475C-AB3D-B87B76484B8E}.Debug|Any CPU.Build.0 = Debug|Any CPU
		{EECCFFBB-A89E-475C-AB3D-B87B76484B8E}.Debug|ARM.ActiveCfg = Debug|Any CPU
		{EECCFFBB-A89E-475C-AB3D-B87B76484B8E}.Debug|ARM.Build.0 = Debug|Any CPU
		{EECCFFBB-A89E-475C-AB3D-B87B76484B8E}.Debug|ARM64.ActiveCfg = Debug|Any CPU
		{EECCFFBB-A89E-475C-AB3D-B87B76484B8E}.Debug|ARM64.Build.0 = Debug|Any CPU
		{EECCFFBB-A89E-475C-AB3D-B87B76484B8E}.Debug|x64.ActiveCfg = Debug|Any CPU
		{EECCFFBB-A89E-475C-AB3D-B87B76484B8E}.Debug|x64.Build.0 = Debug|Any CPU
		{EECCFFBB-A89E-475C-AB3D-B87B76484B8E}.Debug|x86.ActiveCfg = Debug|Any CPU
		{EECCFFBB-A89E-475C-AB3D-B87B76484B8E}.Debug|x86.Build.0 = Debug|Any CPU
		{EECCFFBB-A89E-475C-AB3D-B87B76484B8E}.Release|Any CPU.ActiveCfg = Release|Any CPU
		{EECCFFBB-A89E-475C-AB3D-B87B76484B8E}.Release|Any CPU.Build.0 = Release|Any CPU
		{EECCFFBB-A89E-475C-AB3D-B87B76484B8E}.Release|ARM.ActiveCfg = Release|Any CPU
		{EECCFFBB-A89E-475C-AB3D-B87B76484B8E}.Release|ARM.Build.0 = Release|Any CPU
		{EECCFFBB-A89E-475C-AB3D-B87B76484B8E}.Release|ARM64.ActiveCfg = Release|Any CPU
		{EECCFFBB-A89E-475C-AB3D-B87B76484B8E}.Release|ARM64.Build.0 = Release|Any CPU
		{EECCFFBB-A89E-475C-AB3D-B87B76484B8E}.Release|x64.ActiveCfg = Release|Any CPU
		{EECCFFBB-A89E-475C-AB3D-B87B76484B8E}.Release|x64.Build.0 = Release|Any CPU
		{EECCFFBB-A89E-475C-AB3D-B87B76484B8E}.Release|x86.ActiveCfg = Release|Any CPU
		{EECCFFBB-A89E-475C-AB3D-B87B76484B8E}.Release|x86.Build.0 = Release|Any CPU
		{DEA31525-02AB-4A95-B44F-A25324368972}.Debug|Any CPU.ActiveCfg = Debug|Any CPU
		{DEA31525-02AB-4A95-B44F-A25324368972}.Debug|Any CPU.Build.0 = Debug|Any CPU
		{DEA31525-02AB-4A95-B44F-A25324368972}.Debug|ARM.ActiveCfg = Debug|Any CPU
		{DEA31525-02AB-4A95-B44F-A25324368972}.Debug|ARM.Build.0 = Debug|Any CPU
		{DEA31525-02AB-4A95-B44F-A25324368972}.Debug|ARM64.ActiveCfg = Debug|Any CPU
		{DEA31525-02AB-4A95-B44F-A25324368972}.Debug|ARM64.Build.0 = Debug|Any CPU
		{DEA31525-02AB-4A95-B44F-A25324368972}.Debug|x64.ActiveCfg = Debug|Any CPU
		{DEA31525-02AB-4A95-B44F-A25324368972}.Debug|x64.Build.0 = Debug|Any CPU
		{DEA31525-02AB-4A95-B44F-A25324368972}.Debug|x86.ActiveCfg = Debug|Any CPU
		{DEA31525-02AB-4A95-B44F-A25324368972}.Debug|x86.Build.0 = Debug|Any CPU
		{DEA31525-02AB-4A95-B44F-A25324368972}.Release|Any CPU.ActiveCfg = Release|Any CPU
		{DEA31525-02AB-4A95-B44F-A25324368972}.Release|Any CPU.Build.0 = Release|Any CPU
		{DEA31525-02AB-4A95-B44F-A25324368972}.Release|ARM.ActiveCfg = Release|Any CPU
		{DEA31525-02AB-4A95-B44F-A25324368972}.Release|ARM.Build.0 = Release|Any CPU
		{DEA31525-02AB-4A95-B44F-A25324368972}.Release|ARM64.ActiveCfg = Release|Any CPU
		{DEA31525-02AB-4A95-B44F-A25324368972}.Release|ARM64.Build.0 = Release|Any CPU
		{DEA31525-02AB-4A95-B44F-A25324368972}.Release|x64.ActiveCfg = Release|Any CPU
		{DEA31525-02AB-4A95-B44F-A25324368972}.Release|x64.Build.0 = Release|Any CPU
		{DEA31525-02AB-4A95-B44F-A25324368972}.Release|x86.ActiveCfg = Release|Any CPU
		{DEA31525-02AB-4A95-B44F-A25324368972}.Release|x86.Build.0 = Release|Any CPU
		{FC1BF70F-F6D1-47C5-AEB0-AA4F73C1A714}.Debug|Any CPU.ActiveCfg = Debug|x64
		{FC1BF70F-F6D1-47C5-AEB0-AA4F73C1A714}.Debug|Any CPU.Build.0 = Debug|x64
		{FC1BF70F-F6D1-47C5-AEB0-AA4F73C1A714}.Debug|ARM.ActiveCfg = Debug|x64
		{FC1BF70F-F6D1-47C5-AEB0-AA4F73C1A714}.Debug|ARM.Build.0 = Debug|x64
		{FC1BF70F-F6D1-47C5-AEB0-AA4F73C1A714}.Debug|ARM64.ActiveCfg = Debug|ARM64
		{FC1BF70F-F6D1-47C5-AEB0-AA4F73C1A714}.Debug|ARM64.Build.0 = Debug|ARM64
		{FC1BF70F-F6D1-47C5-AEB0-AA4F73C1A714}.Debug|x64.ActiveCfg = Debug|x64
		{FC1BF70F-F6D1-47C5-AEB0-AA4F73C1A714}.Debug|x64.Build.0 = Debug|x64
		{FC1BF70F-F6D1-47C5-AEB0-AA4F73C1A714}.Debug|x86.ActiveCfg = Debug|x86
		{FC1BF70F-F6D1-47C5-AEB0-AA4F73C1A714}.Debug|x86.Build.0 = Debug|x86
		{FC1BF70F-F6D1-47C5-AEB0-AA4F73C1A714}.Release|Any CPU.ActiveCfg = Release|x64
		{FC1BF70F-F6D1-47C5-AEB0-AA4F73C1A714}.Release|Any CPU.Build.0 = Release|x64
		{FC1BF70F-F6D1-47C5-AEB0-AA4F73C1A714}.Release|ARM.ActiveCfg = Release|x64
		{FC1BF70F-F6D1-47C5-AEB0-AA4F73C1A714}.Release|ARM.Build.0 = Release|x64
		{FC1BF70F-F6D1-47C5-AEB0-AA4F73C1A714}.Release|ARM64.ActiveCfg = Release|ARM64
		{FC1BF70F-F6D1-47C5-AEB0-AA4F73C1A714}.Release|ARM64.Build.0 = Release|ARM64
		{FC1BF70F-F6D1-47C5-AEB0-AA4F73C1A714}.Release|x64.ActiveCfg = Release|x64
		{FC1BF70F-F6D1-47C5-AEB0-AA4F73C1A714}.Release|x64.Build.0 = Release|x64
		{FC1BF70F-F6D1-47C5-AEB0-AA4F73C1A714}.Release|x86.ActiveCfg = Release|x86
		{FC1BF70F-F6D1-47C5-AEB0-AA4F73C1A714}.Release|x86.Build.0 = Release|x86
		{1EAA635D-7A82-4439-85C7-8509B24F3D64}.Debug|Any CPU.ActiveCfg = Debug|Any CPU
		{1EAA635D-7A82-4439-85C7-8509B24F3D64}.Debug|Any CPU.Build.0 = Debug|Any CPU
		{1EAA635D-7A82-4439-85C7-8509B24F3D64}.Debug|Any CPU.Deploy.0 = Debug|Any CPU
		{1EAA635D-7A82-4439-85C7-8509B24F3D64}.Debug|ARM.ActiveCfg = Debug|ARM
		{1EAA635D-7A82-4439-85C7-8509B24F3D64}.Debug|ARM.Build.0 = Debug|ARM
		{1EAA635D-7A82-4439-85C7-8509B24F3D64}.Debug|ARM.Deploy.0 = Debug|ARM
		{1EAA635D-7A82-4439-85C7-8509B24F3D64}.Debug|ARM64.ActiveCfg = Debug|ARM64
		{1EAA635D-7A82-4439-85C7-8509B24F3D64}.Debug|ARM64.Build.0 = Debug|ARM64
		{1EAA635D-7A82-4439-85C7-8509B24F3D64}.Debug|ARM64.Deploy.0 = Debug|ARM64
		{1EAA635D-7A82-4439-85C7-8509B24F3D64}.Debug|x64.ActiveCfg = Debug|x64
		{1EAA635D-7A82-4439-85C7-8509B24F3D64}.Debug|x64.Build.0 = Debug|x64
		{1EAA635D-7A82-4439-85C7-8509B24F3D64}.Debug|x64.Deploy.0 = Debug|x64
		{1EAA635D-7A82-4439-85C7-8509B24F3D64}.Debug|x86.ActiveCfg = Debug|x86
		{1EAA635D-7A82-4439-85C7-8509B24F3D64}.Debug|x86.Build.0 = Debug|x86
		{1EAA635D-7A82-4439-85C7-8509B24F3D64}.Debug|x86.Deploy.0 = Debug|x86
		{1EAA635D-7A82-4439-85C7-8509B24F3D64}.Release|Any CPU.ActiveCfg = Release|Any CPU
		{1EAA635D-7A82-4439-85C7-8509B24F3D64}.Release|Any CPU.Build.0 = Release|Any CPU
		{1EAA635D-7A82-4439-85C7-8509B24F3D64}.Release|Any CPU.Deploy.0 = Release|Any CPU
		{1EAA635D-7A82-4439-85C7-8509B24F3D64}.Release|ARM.ActiveCfg = Release|ARM
		{1EAA635D-7A82-4439-85C7-8509B24F3D64}.Release|ARM.Build.0 = Release|ARM
		{1EAA635D-7A82-4439-85C7-8509B24F3D64}.Release|ARM.Deploy.0 = Release|ARM
		{1EAA635D-7A82-4439-85C7-8509B24F3D64}.Release|ARM64.ActiveCfg = Release|ARM64
		{1EAA635D-7A82-4439-85C7-8509B24F3D64}.Release|ARM64.Build.0 = Release|ARM64
		{1EAA635D-7A82-4439-85C7-8509B24F3D64}.Release|ARM64.Deploy.0 = Release|ARM64
		{1EAA635D-7A82-4439-85C7-8509B24F3D64}.Release|x64.ActiveCfg = Release|x64
		{1EAA635D-7A82-4439-85C7-8509B24F3D64}.Release|x64.Build.0 = Release|x64
		{1EAA635D-7A82-4439-85C7-8509B24F3D64}.Release|x64.Deploy.0 = Release|x64
		{1EAA635D-7A82-4439-85C7-8509B24F3D64}.Release|x86.ActiveCfg = Release|x86
		{1EAA635D-7A82-4439-85C7-8509B24F3D64}.Release|x86.Build.0 = Release|x86
		{1EAA635D-7A82-4439-85C7-8509B24F3D64}.Release|x86.Deploy.0 = Release|x86
	EndGlobalSection
	GlobalSection(SolutionProperties) = preSolution
		HideSolutionNode = FALSE
	EndGlobalSection
	GlobalSection(ExtensibilityGlobals) = postSolution
		SolutionGuid = {AB5BDE0E-C532-4FD2-80D1-F58CC3EC10A3}
	EndGlobalSection
EndGlobal
